# This file is automatically @generated by Cargo.
# It is not intended for manual editing.
version = 4

[[package]]
name = "raven-cli"
version = "0.1.0"
dependencies = [
 "raven-core",
 "raven-runtime",
]

[[package]]
name = "raven-core"
version = "0.1.0"

[[package]]
name = "raven-events"
version = "0.1.0"
dependencies = [
 "raven-core",
]

[[package]]
name = "raven-execution"
version = "0.1.0"
dependencies = [
 "raven-core",
]

[[package]]
name = "raven-policy"
version = "0.1.0"
dependencies = [
 "raven-core",
]

[[package]]
name = "raven-runtime"
version = "0.1.0"
dependencies = [
 "raven-core",
 "raven-events",
 "raven-execution",
 "raven-policy",
 "raven-tools",
 "raven-verification",
]

[[package]]
name = "raven-tools"
version = "0.1.0"
dependencies = [
 "raven-core",
]

[[package]]
name = "raven-verification"
version = "0.1.0"
dependencies = [
 "raven-core",
]
